// !$*UTF8*$!
{
	archiveVersion = 1;
	classes = {
	};
	objectVersion = 46;
	objects = {

/* Begin PBXBuildFile section */
		E93834C8177429380051BD45 /* LICENSE in Resources */ = {isa = PBXBuildFile; fileRef = E93834C6177429380051BD45 /* LICENSE */; };
		E93834C9177429380051BD45 /* README.md in Resources */ = {isa = PBXBuildFile; fileRef = E93834C7177429380051BD45 /* README.md */; };
		E98C5517177422F8006E8BD1 /* Cocoa.framework in Frameworks */ = {isa = PBXBuildFile; fileRef = E98C5516177422F8006E8BD1 /* Cocoa.framework */; };
		E98C5519177422F8006E8BD1 /* PreferencePanes.framework in Frameworks */ = {isa = PBXBuildFile; fileRef = E98C5518177422F8006E8BD1 /* PreferencePanes.framework */; };
		E98C5523177422F8006E8BD1 /* InfoPlist.strings in Resources */ = {isa = PBXBuildFile; fileRef = E98C5521177422F8006E8BD1 /* InfoPlist.strings */; };
		E98C5527177422F8006E8BD1 /* PHPBrew_Preferance_Pane.m in Sources */ = {isa = PBXBuildFile; fileRef = E98C5526177422F8006E8BD1 /* PHPBrew_Preferance_Pane.m */; };
		E98C5529177422F8006E8BD1 /* PHPBrew_Preferance_Pane.tiff in Resources */ = {isa = PBXBuildFile; fileRef = E98C5528177422F8006E8BD1 /* PHPBrew_Preferance_Pane.tiff */; };
		E98C552C177422F8006E8BD1 /* PHPBrew_Preferance_Pane.xib in Resources */ = {isa = PBXBuildFile; fileRef = E98C552A177422F8006E8BD1 /* PHPBrew_Preferance_Pane.xib */; };
/* End PBXBuildFile section */

/* Begin PBXFileReference section */
		E93834C6177429380051BD45 /* LICENSE */ = {isa = PBXFileReference; fileEncoding = 4; lastKnownFileType = text; path = LICENSE; sourceTree = "<group>"; };
		E93834C7177429380051BD45 /* README.md */ = {isa = PBXFileReference; fileEncoding = 4; lastKnownFileType = text; path = README.md; sourceTree = "<group>"; };
		E98C5513177422F8006E8BD1 /* PHPBrew Preferance Pane.prefPane */ = {isa = PBXFileReference; explicitFileType = wrapper.cfbundle; includeInIndex = 0; path = "PHPBrew Preferance Pane.prefPane"; sourceTree = BUILT_PRODUCTS_DIR; };
		E98C5516177422F8006E8BD1 /* Cocoa.framework */ = {isa = PBXFileReference; lastKnownFileType = wrapper.framework; name = Cocoa.framework; path = System/Library/Frameworks/Cocoa.framework; sourceTree = SDKROOT; };
		E98C5518177422F8006E8BD1 /* PreferencePanes.framework */ = {isa = PBXFileReference; lastKnownFileType = wrapper.framework; name = PreferencePanes.framework; path = System/Library/Frameworks/PreferencePanes.framework; sourceTree = SDKROOT; };
		E98C551B177422F8006E8BD1 /* AppKit.framework */ = {isa = PBXFileReference; lastKnownFileType = wrapper.framework; name = AppKit.framework; path = System/Library/Frameworks/AppKit.framework; sourceTree = SDKROOT; };
		E98C551C177422F8006E8BD1 /* CoreData.framework */ = {isa = PBXFileReference; lastKnownFileType = wrapper.framework; name = CoreData.framework; path = System/Library/Frameworks/CoreData.framework; sourceTree = SDKROOT; };
		E98C551D177422F8006E8BD1 /* Foundation.framework */ = {isa = PBXFileReference; lastKnownFileType = wrapper.framework; name = Foundation.framework; path = System/Library/Frameworks/Foundation.framework; sourceTree = SDKROOT; };
		E98C5520177422F8006E8BD1 /* PHPBrew Preferance Pane-Info.plist */ = {isa = PBXFileReference; lastKnownFileType = text.plist.xml; path = "PHPBrew Preferance Pane-Info.plist"; sourceTree = "<group>"; };
		E98C5522177422F8006E8BD1 /* en */ = {isa = PBXFileReference; lastKnownFileType = text.plist.strings; name = en; path = en.lproj/InfoPlist.strings; sourceTree = "<group>"; };
		E98C5524177422F8006E8BD1 /* PHPBrew Preferance Pane-Prefix.pch */ = {isa = PBXFileReference; lastKnownFileType = sourcecode.c.h; path = "PHPBrew Preferance Pane-Prefix.pch"; sourceTree = "<group>"; };
		E98C5525177422F8006E8BD1 /* PHPBrew_Preferance_Pane.h */ = {isa = PBXFileReference; lastKnownFileType = sourcecode.c.h; path = PHPBrew_Preferance_Pane.h; sourceTree = "<group>"; };
		E98C5526177422F8006E8BD1 /* PHPBrew_Preferance_Pane.m */ = {isa = PBXFileReference; lastKnownFileType = sourcecode.c.objc; path = PHPBrew_Preferance_Pane.m; sourceTree = "<group>"; };
		E98C5528177422F8006E8BD1 /* PHPBrew_Preferance_Pane.tiff */ = {isa = PBXFileReference; lastKnownFileType = image.tiff; path = PHPBrew_Preferance_Pane.tiff; sourceTree = "<group>"; };
		E98C552B177422F8006E8BD1 /* en */ = {isa = PBXFileReference; lastKnownFileType = file.xib; name = en; path = en.lproj/PHPBrew_Preferance_Pane.xib; sourceTree = "<group>"; };
/* End PBXFileReference section */

/* Begin PBXFrameworksBuildPhase section */
		E98C550E177422F8006E8BD1 /* Frameworks */ = {
			isa = PBXFrameworksBuildPhase;
			buildActionMask = 2147483647;
			files = (
				E98C5517177422F8006E8BD1 /* Cocoa.framework in Frameworks */,
				E98C5519177422F8006E8BD1 /* PreferencePanes.framework in Frameworks */,
			);
			runOnlyForDeploymentPostprocessing = 0;
		};
/* End PBXFrameworksBuildPhase section */

/* Begin PBXGroup section */
		E98C5508177422F8006E8BD1 = {
			isa = PBXGroup;
			children = (
				E93834C6177429380051BD45 /* LICENSE */,
				E93834C7177429380051BD45 /* README.md */,
				E98C551E177422F8006E8BD1 /* PHPBrew Preferance Pane */,
				E98C5515177422F8006E8BD1 /* Frameworks */,
				E98C5514177422F8006E8BD1 /* Products */,
			);
			sourceTree = "<group>";
		};
		E98C5514177422F8006E8BD1 /* Products */ = {
			isa = PBXGroup;
			children = (
				E98C5513177422F8006E8BD1 /* PHPBrew Preferance Pane.prefPane */,
			);
			name = Products;
			sourceTree = "<group>";
		};
		E98C5515177422F8006E8BD1 /* Frameworks */ = {
			isa = PBXGroup;
			children = (
				E98C5516177422F8006E8BD1 /* Cocoa.framework */,
				E98C5518177422F8006E8BD1 /* PreferencePanes.framework */,
				E98C551A177422F8006E8BD1 /* Other Frameworks */,
			);
			name = Frameworks;
			sourceTree = "<group>";
		};
		E98C551A177422F8006E8BD1 /* Other Frameworks */ = {
			isa = PBXGroup;
			children = (
				E98C551B177422F8006E8BD1 /* AppKit.framework */,
				E98C551C177422F8006E8BD1 /* CoreData.framework */,
				E98C551D177422F8006E8BD1 /* Foundation.framework */,
			);
			name = "Other Frameworks";
			sourceTree = "<group>";
		};
		E98C551E177422F8006E8BD1 /* PHPBrew Preferance Pane */ = {
			isa = PBXGroup;
			children = (
				E98C5525177422F8006E8BD1 /* PHPBrew_Preferance_Pane.h */,
				E98C5526177422F8006E8BD1 /* PHPBrew_Preferance_Pane.m */,
				E98C5528177422F8006E8BD1 /* PHPBrew_Preferance_Pane.tiff */,
				E98C552A177422F8006E8BD1 /* PHPBrew_Preferance_Pane.xib */,
				E98C551F177422F8006E8BD1 /* Supporting Files */,
			);
			path = "PHPBrew Preferance Pane";
			sourceTree = "<group>";
		};
		E98C551F177422F8006E8BD1 /* Supporting Files */ = {
			isa = PBXGroup;
			children = (
				E98C5520177422F8006E8BD1 /* PHPBrew Preferance Pane-Info.plist */,
				E98C5521177422F8006E8BD1 /* InfoPlist.strings */,
				E98C5524177422F8006E8BD1 /* PHPBrew Preferance Pane-Prefix.pch */,
			);
			name = "Supporting Files";
			sourceTree = "<group>";
		};
/* End PBXGroup section */

/* Begin PBXHeadersBuildPhase section */
		E98C550F177422F8006E8BD1 /* Headers */ = {
			isa = PBXHeadersBuildPhase;
			buildActionMask = 2147483647;
			files = (
			);
			runOnlyForDeploymentPostprocessing = 0;
		};
/* End PBXHeadersBuildPhase section */

/* Begin PBXNativeTarget section */
		E98C5512177422F8006E8BD1 /* PHPBrew Preferance Pane */ = {
			isa = PBXNativeTarget;
			buildConfigurationList = E98C552F177422F8006E8BD1 /* Build configuration list for PBXNativeTarget "PHPBrew Preferance Pane" */;
			buildPhases = (
				E98C550D177422F8006E8BD1 /* Sources */,
				E98C550E177422F8006E8BD1 /* Frameworks */,
				E98C550F177422F8006E8BD1 /* Headers */,
				E98C5510177422F8006E8BD1 /* Resources */,
				E98C5511177422F8006E8BD1 /* Rez */,
			);
			buildRules = (
			);
			dependencies = (
			);
			name = "PHPBrew Preferance Pane";
			productName = "PHPBrew Preferance Pane";
			productReference = E98C5513177422F8006E8BD1 /* PHPBrew Preferance Pane.prefPane */;
			productType = "com.apple.product-type.bundle";
		};
/* End PBXNativeTarget section */

/* Begin PBXProject section */
		E98C5509177422F8006E8BD1 /* Project object */ = {
			isa = PBXProject;
			attributes = {
				LastUpgradeCheck = 0460;
				ORGANIZATIONNAME = Codecrafters;
			};
			buildConfigurationList = E98C550C177422F8006E8BD1 /* Build configuration list for PBXProject "PHPBrew Preferance Pane" */;
			compatibilityVersion = "Xcode 3.2";
			developmentRegion = English;
			hasScannedForEncodings = 0;
			knownRegions = (
				en,
			);
			mainGroup = E98C5508177422F8006E8BD1;
			productRefGroup = E98C5514177422F8006E8BD1 /* Products */;
			projectDirPath = "";
			projectRoot = "";
			targets = (
				E98C5512177422F8006E8BD1 /* PHPBrew Preferance Pane */,
			);
		};
/* End PBXProject section */

/* Begin PBXResourcesBuildPhase section */
		E98C5510177422F8006E8BD1 /* Resources */ = {
			isa = PBXResourcesBuildPhase;
			buildActionMask = 2147483647;
			files = (
				E98C5523177422F8006E8BD1 /* InfoPlist.strings in Resources */,
				E98C5529177422F8006E8BD1 /* PHPBrew_Preferance_Pane.tiff in Resources */,
				E98C552C177422F8006E8BD1 /* PHPBrew_Preferance_Pane.xib in Resources */,
				E93834C8177429380051BD45 /* LICENSE in Resources */,
				E93834C9177429380051BD45 /* README.md in Resources */,
			);
			runOnlyForDeploymentPostprocessing = 0;
		};
/* End PBXResourcesBuildPhase section */

/* Begin PBXRezBuildPhase section */
		E98C5511177422F8006E8BD1 /* Rez */ = {
			isa = PBXRezBuildPhase;
			buildActionMask = 2147483647;
			files = (
			);
			runOnlyForDeploymentPostprocessing = 0;
		};
/* End PBXRezBuildPhase section */

/* Begin PBXSourcesBuildPhase section */
		E98C550D177422F8006E8BD1 /* Sources */ = {
			isa = PBXSourcesBuildPhase;
			buildActionMask = 2147483647;
			files = (
				E98C5527177422F8006E8BD1 /* PHPBrew_Preferance_Pane.m in Sources */,
			);
			runOnlyForDeploymentPostprocessing = 0;
		};
/* End PBXSourcesBuildPhase section */

/* Begin PBXVariantGroup section */
		E98C5521177422F8006E8BD1 /* InfoPlist.strings */ = {
			isa = PBXVariantGroup;
			children = (
				E98C5522177422F8006E8BD1 /* en */,
			);
			name = InfoPlist.strings;
			sourceTree = "<group>";
		};
		E98C552A177422F8006E8BD1 /* PHPBrew_Preferance_Pane.xib */ = {
			isa = PBXVariantGroup;
			children = (
				E98C552B177422F8006E8BD1 /* en */,
			);
			name = PHPBrew_Preferance_Pane.xib;
			sourceTree = "<group>";
		};
/* End PBXVariantGroup section */

/* Begin XCBuildConfiguration section */
		E98C552D177422F8006E8BD1 /* Debug */ = {
			isa = XCBuildConfiguration;
			buildSettings = {
				ALWAYS_SEARCH_USER_PATHS = NO;
				ARCHS = "$(ARCHS_STANDARD_64_BIT)";
				CLANG_CXX_LANGUAGE_STANDARD = "gnu++0x";
				CLANG_CXX_LIBRARY = "libc++";
				CLANG_WARN_CONSTANT_CONVERSION = YES;
				CLANG_WARN_EMPTY_BODY = YES;
				CLANG_WARN_ENUM_CONVERSION = YES;
				CLANG_WARN_INT_CONVERSION = YES;
				CLANG_WARN__DUPLICATE_METHOD_MATCH = YES;
				COPY_PHASE_STRIP = NO;
				GCC_C_LANGUAGE_STANDARD = gnu99;
				GCC_DYNAMIC_NO_PIC = NO;
				GCC_ENABLE_OBJC_EXCEPTIONS = YES;
				GCC_ENABLE_OBJC_GC = supported;
				GCC_OPTIMIZATION_LEVEL = 0;
				GCC_PREPROCESSOR_DEFINITIONS = (
					"DEBUG=1",
					"$(inherited)",
				);
				GCC_SYMBOLS_PRIVATE_EXTERN = NO;
				GCC_WARN_64_TO_32_BIT_CONVERSION = YES;
				GCC_WARN_ABOUT_RETURN_TYPE = YES;
				GCC_WARN_UNINITIALIZED_AUTOS = YES;
				GCC_WARN_UNUSED_VARIABLE = YES;
				MACOSX_DEPLOYMENT_TARGET = 10.8;
				ONLY_ACTIVE_ARCH = YES;
				SDKROOT = macosx;
			};
			name = Debug;
		};
		E98C552E177422F8006E8BD1 /* Release */ = {
			isa = XCBuildConfiguration;
			buildSettings = {
				ALWAYS_SEARCH_USER_PATHS = NO;
				ARCHS = "$(ARCHS_STANDARD_64_BIT)";
				CLANG_CXX_LANGUAGE_STANDARD = "gnu++0x";
				CLANG_CXX_LIBRARY = "libc++";
				CLANG_WARN_CONSTANT_CONVERSION = YES;
				CLANG_WARN_EMPTY_BODY = YES;
				CLANG_WARN_ENUM_CONVERSION = YES;
				CLANG_WARN_INT_CONVERSION = YES;
				CLANG_WARN__DUPLICATE_METHOD_MATCH = YES;
				COPY_PHASE_STRIP = YES;
				DEBUG_INFORMATION_FORMAT = "dwarf-with-dsym";
				GCC_C_LANGUAGE_STANDARD = gnu99;
				GCC_ENABLE_OBJC_EXCEPTIONS = YES;
				GCC_ENABLE_OBJC_GC = supported;
				GCC_WARN_64_TO_32_BIT_CONVERSION = YES;
				GCC_WARN_ABOUT_RETURN_TYPE = YES;
				GCC_WARN_UNINITIALIZED_AUTOS = YES;
				GCC_WARN_UNUSED_VARIABLE = YES;
				MACOSX_DEPLOYMENT_TARGET = 10.8;
				SDKROOT = macosx;
			};
			name = Release;
		};
		E98C5530177422F8006E8BD1 /* Debug */ = {
			isa = XCBuildConfiguration;
			buildSettings = {
				CLANG_ENABLE_OBJC_ARC = YES;
				COMBINE_HIDPI_IMAGES = YES;
				GCC_ENABLE_OBJC_GC = "";
				GCC_PRECOMPILE_PREFIX_HEADER = YES;
				GCC_PREFIX_HEADER = "PHPBrew Preferance Pane/PHPBrew Preferance Pane-Prefix.pch";
				INFOPLIST_FILE = "PHPBrew Preferance Pane/PHPBrew Preferance Pane-Info.plist";
				INSTALL_PATH = "$(HOME)/Library/PreferencePanes";
				PRODUCT_NAME = "$(TARGET_NAME)";
				WRAPPER_EXTENSION = prefPane;
			};
			name = Debug;
		};
		E98C5531177422F8006E8BD1 /* Release */ = {
			isa = XCBuildConfiguration;
			buildSettings = {
				CLANG_ENABLE_OBJC_ARC = YES;
				COMBINE_HIDPI_IMAGES = YES;
				GCC_ENABLE_OBJC_GC = "";
				GCC_PRECOMPILE_PREFIX_HEADER = YES;
				GCC_PREFIX_HEADER = "PHPBrew Preferance Pane/PHPBrew Preferance Pane-Prefix.pch";
				INFOPLIST_FILE = "PHPBrew Preferance Pane/PHPBrew Preferance Pane-Info.plist";
				INSTALL_PATH = "$(HOME)/Library/PreferencePanes";
				PRODUCT_NAME = "$(TARGET_NAME)";
				WRAPPER_EXTENSION = prefPane;
			};
			name = Release;
		};
/* End XCBuildConfiguration section */

/* Begin XCConfigurationList section */
		E98C550C177422F8006E8BD1 /* Build configuration list for PBXProject "PHPBrew Preferance Pane" */ = {
			isa = XCConfigurationList;
			buildConfigurations = (
				E98C552D177422F8006E8BD1 /* Debug */,
				E98C552E177422F8006E8BD1 /* Release */,
			);
			defaultConfigurationIsVisible = 0;
			defaultConfigurationName = Release;
		};
		E98C552F177422F8006E8BD1 /* Build configuration list for PBXNativeTarget "PHPBrew Preferance Pane" */ = {
			isa = XCConfigurationList;
			buildConfigurations = (
				E98C5530177422F8006E8BD1 /* Debug */,
				E98C5531177422F8006E8BD1 /* Release */,
			);
			defaultConfigurationIsVisible = 0;
			defaultConfigurationName = Release;
		};
/* End XCConfigurationList section */
	};
	rootObject = E98C5509177422F8006E8BD1 /* Project object */;
}
